
Microsoft Visual Studio Solution File, Format Version 12.00
# Visual Studio Version 17
VisualStudioVersion = 17.0.31903.59
MinimumVisualStudioVersion = 10.0.40219.1
Project("{2150E333-8FDC-42A3-9474-1A3956D46DE8}") = "samples", "samples", "{34C35504-17AD-44E9-A772-777D3E797CF3}"
EndProject
Project("{FAE04EC0-301F-11D3-BF4B-00C04F79EFBC}") = "Lattice.Smoke", "samples\Lattice.Smoke\Lattice.Smoke.csproj", "{5174720D-8AA1-4B24-85AB-B842C7DD1CCF}"
EndProject
Global
	GlobalSection(SolutionConfigurationPlatforms) = preSolution
		Debug|Any CPU = Debug|Any CPU
		Release|Any CPU = Release|Any CPU
	EndGlobalSection
	GlobalSection(SolutionProperties) = preSolution
		HideSolutionNode = FALSE
	EndGlobalSection
	GlobalSection(ProjectConfigurationPlatforms) = postSolution
		{5174720D-8AA1-4B24-85AB-B842C7DD1CCF}.Debug|Any CPU.ActiveCfg = Debug|Any CPU
		{5174720D-8AA1-4B24-85AB-B842C7DD1CCF}.Debug|Any CPU.Build.0 = Debug|Any CPU
		{5174720D-8AA1-4B24-85AB-B842C7DD1CCF}.Release|Any CPU.ActiveCfg = Release|Any CPU
		{5174720D-8AA1-4B24-85AB-B842C7DD1CCF}.Release|Any CPU.Build.0 = Release|Any CPU
	EndGlobalSection
	GlobalSection(NestedProjects) = preSolution
		{5174720D-8AA1-4B24-85AB-B842C7DD1CCF} = {34C35504-17AD-44E9-A772-777D3E797CF3}
	EndGlobalSection
EndGlobal
